PODS:
  - RSInterfaceKit (0.0.47):
    - RSInterfaceKit/Alerts (= 0.0.47)
    - RSInterfaceKit/AutoLayoutHelpers (= 0.0.47)
    - RSInterfaceKit/CollectionViewWithTransitions (= 0.0.47)
    - RSInterfaceKit/FullScreenImageView (= 0.0.47)
    - RSInterfaceKit/LoadingView (= 0.0.47)
    - RSInterfaceKit/NavigationBarMenu (= 0.0.47)
    - RSInterfaceKit/PopUps (= 0.0.47)
    - RSInterfaceKit/PortraitOnlyNavigation (= 0.0.47)
    - RSInterfaceKit/RSCarouselDissolvingImageView (= 0.0.47)
    - RSInterfaceKit/RSCarouselScrollView (= 0.0.47)
    - RSInterfaceKit/RSSettings (= 0.0.47)
    - RSInterfaceKit/ZoomableImageView (= 0.0.47)
  - RSInterfaceKit/Alerts (0.0.47):
    - RSInterfaceKit/AutoLayoutHelpers
  - RSInterfaceKit/AutoLayoutHelpers (0.0.47)
  - RSInterfaceKit/CollectionViewWithTransitions (0.0.47)
  - RSInterfaceKit/FullScreenImageView (0.0.47):
    - RSInterfaceKit/ZoomableImageView
  - RSInterfaceKit/LoadingView (0.0.47):
    - RSInterfaceKit/AutoLayoutHelpers
  - RSInterfaceKit/NavigationBarMenu (0.0.47)
  - RSInterfaceKit/PopUps (0.0.47)
  - RSInterfaceKit/PortraitOnlyNavigation (0.0.47)
  - RSInterfaceKit/RSCarouselDissolvingImageView (0.0.47)
  - RSInterfaceKit/RSCarouselScrollView (0.0.47)
  - RSInterfaceKit/RSSettings (0.0.47):
    - RSInterfaceKit/AutoLayoutHelpers
  - RSInterfaceKit/ZoomableImageView (0.0.47)

DEPENDENCIES:
  - RSInterfaceKit (from `../`)

EXTERNAL SOURCES:
  RSInterfaceKit:
    :path: "../"

SPEC CHECKSUMS:
  RSInterfaceKit: 059478bd28102b85cb541dcbd6d07011a5c0d6ae

COCOAPODS: 0.39.0
