PODS:
  - RSInterfaceKit (0.0.79):
    - RSInterfaceKit/Alerts (= 0.0.79)
    - RSInterfaceKit/AutoLayoutHelpers (= 0.0.79)
    - RSInterfaceKit/CollectionViewWithTransitions (= 0.0.79)
    - RSInterfaceKit/FullScreenImageView (= 0.0.79)
    - RSInterfaceKit/LoadingView (= 0.0.79)
    - RSInterfaceKit/NavigationBarMenu (= 0.0.79)
    - RSInterfaceKit/PopUps (= 0.0.79)
    - RSInterfaceKit/PortraitOnlyNavigation (= 0.0.79)
    - RSInterfaceKit/RSCarouselDissolvingImageView (= 0.0.79)
    - RSInterfaceKit/RSCarouselScrollView (= 0.0.79)
    - RSInterfaceKit/RSSettings (= 0.0.79)
    - RSInterfaceKit/ZoomableImageView (= 0.0.79)
  - RSInterfaceKit/Alerts (0.0.79):
    - RSInterfaceKit/AutoLayoutHelpers
  - RSInterfaceKit/AutoLayoutHelpers (0.0.79)
  - RSInterfaceKit/CollectionViewWithTransitions (0.0.79)
  - RSInterfaceKit/FullScreenImageView (0.0.79):
    - RSInterfaceKit/ZoomableImageView
  - RSInterfaceKit/LoadingView (0.0.79):
    - RSInterfaceKit/AutoLayoutHelpers
  - RSInterfaceKit/NavigationBarMenu (0.0.79)
  - RSInterfaceKit/PopUps (0.0.79)
  - RSInterfaceKit/PortraitOnlyNavigation (0.0.79)
  - RSInterfaceKit/RSCarouselDissolvingImageView (0.0.79)
  - RSInterfaceKit/RSCarouselScrollView (0.0.79)
  - RSInterfaceKit/RSSettings (0.0.79):
    - RSInterfaceKit/AutoLayoutHelpers
  - RSInterfaceKit/ZoomableImageView (0.0.79)

DEPENDENCIES:
  - RSInterfaceKit (from `../`)

EXTERNAL SOURCES:
  RSInterfaceKit:
    :path: "../"

SPEC CHECKSUMS:
  RSInterfaceKit: 58afd21f07ab46345d10bedc2d9a84d39118e4e1

PODFILE CHECKSUM: f00e27533ca1533f7d851e07f181c2563223d1c0

COCOAPODS: 1.5.3
