<?xml version="1.0" encoding="UTF-8"?>
<!DOCTYPE plist PUBLIC "-//Apple//DTD PLIST 1.0//EN" "http://www.apple.com/DTDs/PropertyList-1.0.dtd">
<plist version="1.0">
<dict>
	<key>archiveVersion</key>
	<string>1</string>
	<key>classes</key>
	<dict/>
	<key>objectVersion</key>
	<string>46</string>
	<key>objects</key>
	<dict>
		<key>0AE56FD32626BA215AF5F63B</key>
		<dict>
			<key>buildActionMask</key>
			<string>2147483647</string>
			<key>files</key>
			<array/>
			<key>inputPaths</key>
			<array/>
			<key>isa</key>
			<string>PBXShellScriptBuildPhase</string>
			<key>name</key>
			<string>[CP] Copy Pods Resources</string>
			<key>outputPaths</key>
			<array/>
			<key>runOnlyForDeploymentPostprocessing</key>
			<string>0</string>
			<key>shellPath</key>
			<string>/bin/sh</string>
			<key>shellScript</key>
			<string>"${SRCROOT}/Pods/Target Support Files/Pods-Tests/Pods-Tests-resources.sh"
</string>
			<key>showEnvVarsInLog</key>
			<string>0</string>
		</dict>
		<key>32F417AD5B30C0505E5A3B05</key>
		<dict>
			<key>includeInIndex</key>
			<string>1</string>
			<key>isa</key>
			<string>PBXFileReference</string>
			<key>lastKnownFileType</key>
			<string>net.daringfireball.markdown</string>
			<key>name</key>
			<string>README.md</string>
			<key>path</key>
			<string>../README.md</string>
			<key>sourceTree</key>
			<string>&lt;group&gt;</string>
		</dict>
		<key>3BF9DB779509B336E013DA4C</key>
		<dict>
			<key>includeInIndex</key>
			<string>1</string>
			<key>isa</key>
			<string>PBXFileReference</string>
			<key>lastKnownFileType</key>
			<string>text.xcconfig</string>
			<key>name</key>
			<string>Pods-Tests.release.xcconfig</string>
			<key>path</key>
			<string>Pods/Target Support Files/Pods-Tests/Pods-Tests.release.xcconfig</string>
			<key>sourceTree</key>
			<string>&lt;group&gt;</string>
		</dict>
		<key>4709D2AE48241A9CC9D224CE</key>
		<dict>
			<key>includeInIndex</key>
			<string>1</string>
			<key>isa</key>
			<string>PBXFileReference</string>
			<key>lastKnownFileType</key>
			<string>text</string>
			<key>name</key>
			<string>LICENSE</string>
			<key>path</key>
			<string>../LICENSE</string>
			<key>sourceTree</key>
			<string>&lt;group&gt;</string>
		</dict>
		<key>5AA5B90869AE27D0892597EC</key>
		<dict>
			<key>fileRef</key>
			<string>6B648A736201BA77564C7A82</string>
			<key>isa</key>
			<string>PBXBuildFile</string>
		</dict>
		<key>6003F581195388D10070C39A</key>
		<dict>
			<key>children</key>
			<array>
				<string>60FF7A9C1954A5C5007DD14C</string>
				<string>6003F593195388D20070C39A</string>
				<string>6003F5B5195388D20070C39A</string>
				<string>6003F58C195388D20070C39A</string>
				<string>6003F58B195388D20070C39A</string>
				<string>C038C0C548110355E9335B66</string>
			</array>
			<key>isa</key>
			<string>PBXGroup</string>
			<key>sourceTree</key>
			<string>&lt;group&gt;</string>
		</dict>
		<key>6003F582195388D10070C39A</key>
		<dict>
			<key>attributes</key>
			<dict>
				<key>CLASSPREFIX</key>
				<string>RS</string>
				<key>LastUpgradeCheck</key>
				<string>0800</string>
				<key>ORGANIZATIONNAME</key>
				<string>Venkat Rao</string>
				<key>TargetAttributes</key>
				<dict>
					<key>6003F589195388D20070C39A</key>
					<dict>
						<key>DevelopmentTeam</key>
						<string>GH3628GD63</string>
					</dict>
					<key>6003F5AD195388D20070C39A</key>
					<dict>
						<key>TestTargetID</key>
						<string>6003F589195388D20070C39A</string>
					</dict>
				</dict>
			</dict>
			<key>buildConfigurationList</key>
			<string>6003F585195388D10070C39A</string>
			<key>compatibilityVersion</key>
			<string>Xcode 3.2</string>
			<key>developmentRegion</key>
			<string>English</string>
			<key>hasScannedForEncodings</key>
			<string>0</string>
			<key>isa</key>
			<string>PBXProject</string>
			<key>knownRegions</key>
			<array>
				<string>en</string>
				<string>Base</string>
			</array>
			<key>mainGroup</key>
			<string>6003F581195388D10070C39A</string>
			<key>productRefGroup</key>
			<string>6003F58B195388D20070C39A</string>
			<key>projectDirPath</key>
			<string></string>
			<key>projectReferences</key>
			<array/>
			<key>projectRoot</key>
			<string></string>
			<key>targets</key>
			<array>
				<string>6003F589195388D20070C39A</string>
				<string>6003F5AD195388D20070C39A</string>
			</array>
		</dict>
		<key>6003F585195388D10070C39A</key>
		<dict>
			<key>buildConfigurations</key>
			<array>
				<string>6003F5BD195388D20070C39A</string>
				<string>6003F5BE195388D20070C39A</string>
			</array>
			<key>defaultConfigurationIsVisible</key>
			<string>0</string>
			<key>defaultConfigurationName</key>
			<string>Release</string>
			<key>isa</key>
			<string>XCConfigurationList</string>
		</dict>
		<key>6003F586195388D20070C39A</key>
		<dict>
			<key>buildActionMask</key>
			<string>2147483647</string>
			<key>files</key>
			<array>
				<string>82FC196C1CF6359B000B3138</string>
				<string>822FD0F31BBA271C00E45C19</string>
				<string>82FC19781CF7B4E5000B3138</string>
				<string>822FD0F61BBA272500E45C19</string>
				<string>824D88631B248F430047CE03</string>
				<string>6003F59E195388D20070C39A</string>
				<string>6003F5A7195388D20070C39A</string>
				<string>824D88661B2494FA0047CE03</string>
				<string>6003F59A195388D20070C39A</string>
				<string>822FD0F01BBA271400E45C19</string>
				<string>824D2F281D1AFBA000A0EEA1</string>
				<string>82B73ABF1B27ADE300C5AD74</string>
				<string>82606F521B27B675003BB195</string>
				<string>82A8168F1C6457FA00609AA3</string>
				<string>82606F551B325D65003BB195</string>
				<string>82BB074C1B5C8285002149F5</string>
				<string>826CA9111C5679B0007CDDF5</string>
			</array>
			<key>isa</key>
			<string>PBXSourcesBuildPhase</string>
			<key>runOnlyForDeploymentPostprocessing</key>
			<string>0</string>
		</dict>
		<key>6003F587195388D20070C39A</key>
		<dict>
			<key>buildActionMask</key>
			<string>2147483647</string>
			<key>files</key>
			<array>
				<string>6003F590195388D20070C39A</string>
				<string>6003F592195388D20070C39A</string>
				<string>6003F58E195388D20070C39A</string>
				<string>ED5D98F832CDF15536C6E458</string>
			</array>
			<key>isa</key>
			<string>PBXFrameworksBuildPhase</string>
			<key>runOnlyForDeploymentPostprocessing</key>
			<string>0</string>
		</dict>
		<key>6003F588195388D20070C39A</key>
		<dict>
			<key>buildActionMask</key>
			<string>2147483647</string>
			<key>files</key>
			<array>
				<string>824D2F291D1AFBA000A0EEA1</string>
				<string>6003F5A9195388D20070C39A</string>
				<string>6003F598195388D20070C39A</string>
				<string>82DE1F4E1BB056B1002307AB</string>
				<string>824D2F2A1D1AFBA000A0EEA1</string>
				<string>82BB07491B5C1348002149F5</string>
			</array>
			<key>isa</key>
			<string>PBXResourcesBuildPhase</string>
			<key>runOnlyForDeploymentPostprocessing</key>
			<string>0</string>
		</dict>
		<key>6003F589195388D20070C39A</key>
		<dict>
			<key>buildConfigurationList</key>
			<string>6003F5BF195388D20070C39A</string>
			<key>buildPhases</key>
			<array>
				<string>7D8E638467BF40EDB33EFF89</string>
				<string>6003F586195388D20070C39A</string>
				<string>6003F587195388D20070C39A</string>
				<string>6003F588195388D20070C39A</string>
				<string>8C4444A2D62FA613EEEE81F3</string>
				<string>797B17BB4F916E10DF70729E</string>
			</array>
			<key>buildRules</key>
			<array/>
			<key>dependencies</key>
			<array/>
			<key>isa</key>
			<string>PBXNativeTarget</string>
			<key>name</key>
			<string>RSInterfaceKit</string>
			<key>productName</key>
			<string>RSKit</string>
			<key>productReference</key>
			<string>6003F58A195388D20070C39A</string>
			<key>productType</key>
			<string>com.apple.product-type.application</string>
		</dict>
		<key>6003F58A195388D20070C39A</key>
		<dict>
			<key>explicitFileType</key>
			<string>wrapper.application</string>
			<key>includeInIndex</key>
			<string>0</string>
			<key>isa</key>
			<string>PBXFileReference</string>
			<key>path</key>
			<string>RSInterfaceKit.app</string>
			<key>sourceTree</key>
			<string>BUILT_PRODUCTS_DIR</string>
		</dict>
		<key>6003F58B195388D20070C39A</key>
		<dict>
			<key>children</key>
			<array>
				<string>6003F58A195388D20070C39A</string>
				<string>6003F5AE195388D20070C39A</string>
			</array>
			<key>isa</key>
			<string>PBXGroup</string>
			<key>name</key>
			<string>Products</string>
			<key>sourceTree</key>
			<string>&lt;group&gt;</string>
		</dict>
		<key>6003F58C195388D20070C39A</key>
		<dict>
			<key>children</key>
			<array>
				<string>6003F58D195388D20070C39A</string>
				<string>6003F58F195388D20070C39A</string>
				<string>6003F591195388D20070C39A</string>
				<string>6003F5AF195388D20070C39A</string>
				<string>F3DD537030EB110D636C2F5D</string>
				<string>6B648A736201BA77564C7A82</string>
			</array>
			<key>isa</key>
			<string>PBXGroup</string>
			<key>name</key>
			<string>Frameworks</string>
			<key>sourceTree</key>
			<string>&lt;group&gt;</string>
		</dict>
		<key>6003F58D195388D20070C39A</key>
		<dict>
			<key>isa</key>
			<string>PBXFileReference</string>
			<key>lastKnownFileType</key>
			<string>wrapper.framework</string>
			<key>name</key>
			<string>Foundation.framework</string>
			<key>path</key>
			<string>System/Library/Frameworks/Foundation.framework</string>
			<key>sourceTree</key>
			<string>SDKROOT</string>
		</dict>
		<key>6003F58E195388D20070C39A</key>
		<dict>
			<key>fileRef</key>
			<string>6003F58D195388D20070C39A</string>
			<key>isa</key>
			<string>PBXBuildFile</string>
		</dict>
		<key>6003F58F195388D20070C39A</key>
		<dict>
			<key>isa</key>
			<string>PBXFileReference</string>
			<key>lastKnownFileType</key>
			<string>wrapper.framework</string>
			<key>name</key>
			<string>CoreGraphics.framework</string>
			<key>path</key>
			<string>System/Library/Frameworks/CoreGraphics.framework</string>
			<key>sourceTree</key>
			<string>SDKROOT</string>
		</dict>
		<key>6003F590195388D20070C39A</key>
		<dict>
			<key>fileRef</key>
			<string>6003F58F195388D20070C39A</string>
			<key>isa</key>
			<string>PBXBuildFile</string>
		</dict>
		<key>6003F591195388D20070C39A</key>
		<dict>
			<key>isa</key>
			<string>PBXFileReference</string>
			<key>lastKnownFileType</key>
			<string>wrapper.framework</string>
			<key>name</key>
			<string>UIKit.framework</string>
			<key>path</key>
			<string>System/Library/Frameworks/UIKit.framework</string>
			<key>sourceTree</key>
			<string>SDKROOT</string>
		</dict>
		<key>6003F592195388D20070C39A</key>
		<dict>
			<key>fileRef</key>
			<string>6003F591195388D20070C39A</string>
			<key>isa</key>
			<string>PBXBuildFile</string>
		</dict>
		<key>6003F593195388D20070C39A</key>
		<dict>
			<key>children</key>
			<array>
				<string>824D2F2B1D1AFC2900A0EEA1</string>
				<string>822FD0ED1BBA270400E45C19</string>
				<string>6003F59C195388D20070C39A</string>
				<string>6003F59D195388D20070C39A</string>
				<string>82A8168D1C6457FA00609AA3</string>
				<string>82A8168E1C6457FA00609AA3</string>
				<string>6003F5A5195388D20070C39A</string>
				<string>6003F5A6195388D20070C39A</string>
				<string>824D88611B248F430047CE03</string>
				<string>824D88621B248F430047CE03</string>
				<string>82BB074A1B5C8285002149F5</string>
				<string>82BB074B1B5C8285002149F5</string>
				<string>82606F501B27B675003BB195</string>
				<string>82606F511B27B675003BB195</string>
				<string>82B73ABD1B27ADE300C5AD74</string>
				<string>82B73ABE1B27ADE300C5AD74</string>
				<string>826CA90F1C5679B0007CDDF5</string>
				<string>826CA9101C5679B0007CDDF5</string>
				<string>824D88641B2494FA0047CE03</string>
				<string>824D88651B2494FA0047CE03</string>
				<string>82606F531B325D65003BB195</string>
				<string>82606F541B325D65003BB195</string>
				<string>82FC196A1CF6359B000B3138</string>
				<string>82FC196B1CF6359B000B3138</string>
				<string>82FC19761CF7B4E5000B3138</string>
				<string>82FC19771CF7B4E5000B3138</string>
				<string>6003F5A8195388D20070C39A</string>
				<string>82DE1F4D1BB056B1002307AB</string>
				<string>6003F594195388D20070C39A</string>
			</array>
			<key>isa</key>
			<string>PBXGroup</string>
			<key>path</key>
			<string>RSKit</string>
			<key>sourceTree</key>
			<string>&lt;group&gt;</string>
		</dict>
		<key>6003F594195388D20070C39A</key>
		<dict>
			<key>children</key>
			<array>
				<string>6003F595195388D20070C39A</string>
				<string>6003F596195388D20070C39A</string>
				<string>6003F599195388D20070C39A</string>
				<string>6003F59B195388D20070C39A</string>
			</array>
			<key>isa</key>
			<string>PBXGroup</string>
			<key>name</key>
			<string>Supporting Files</string>
			<key>sourceTree</key>
			<string>&lt;group&gt;</string>
		</dict>
		<key>6003F595195388D20070C39A</key>
		<dict>
			<key>isa</key>
			<string>PBXFileReference</string>
			<key>lastKnownFileType</key>
			<string>text.plist.xml</string>
			<key>path</key>
			<string>RSInterfaceKit-Info.plist</string>
			<key>sourceTree</key>
			<string>&lt;group&gt;</string>
		</dict>
		<key>6003F596195388D20070C39A</key>
		<dict>
			<key>children</key>
			<array>
				<string>6003F597195388D20070C39A</string>
			</array>
			<key>isa</key>
			<string>PBXVariantGroup</string>
			<key>name</key>
			<string>InfoPlist.strings</string>
			<key>sourceTree</key>
			<string>&lt;group&gt;</string>
		</dict>
		<key>6003F597195388D20070C39A</key>
		<dict>
			<key>isa</key>
			<string>PBXFileReference</string>
			<key>lastKnownFileType</key>
			<string>text.plist.strings</string>
			<key>name</key>
			<string>en</string>
			<key>path</key>
			<string>en.lproj/InfoPlist.strings</string>
			<key>sourceTree</key>
			<string>&lt;group&gt;</string>
		</dict>
		<key>6003F598195388D20070C39A</key>
		<dict>
			<key>fileRef</key>
			<string>6003F596195388D20070C39A</string>
			<key>isa</key>
			<string>PBXBuildFile</string>
		</dict>
		<key>6003F599195388D20070C39A</key>
		<dict>
			<key>isa</key>
			<string>PBXFileReference</string>
			<key>lastKnownFileType</key>
			<string>sourcecode.c.objc</string>
			<key>path</key>
			<string>main.m</string>
			<key>sourceTree</key>
			<string>&lt;group&gt;</string>
		</dict>
		<key>6003F59A195388D20070C39A</key>
		<dict>
			<key>fileRef</key>
			<string>6003F599195388D20070C39A</string>
			<key>isa</key>
			<string>PBXBuildFile</string>
		</dict>
		<key>6003F59B195388D20070C39A</key>
		<dict>
			<key>isa</key>
			<string>PBXFileReference</string>
			<key>lastKnownFileType</key>
			<string>sourcecode.c.h</string>
			<key>path</key>
			<string>RSInterfaceKit-Prefix.pch</string>
			<key>sourceTree</key>
			<string>&lt;group&gt;</string>
		</dict>
		<key>6003F59C195388D20070C39A</key>
		<dict>
			<key>isa</key>
			<string>PBXFileReference</string>
			<key>lastKnownFileType</key>
			<string>sourcecode.c.h</string>
			<key>path</key>
			<string>RSAppDelegate.h</string>
			<key>sourceTree</key>
			<string>&lt;group&gt;</string>
		</dict>
		<key>6003F59D195388D20070C39A</key>
		<dict>
			<key>isa</key>
			<string>PBXFileReference</string>
			<key>lastKnownFileType</key>
			<string>sourcecode.c.objc</string>
			<key>path</key>
			<string>RSAppDelegate.m</string>
			<key>sourceTree</key>
			<string>&lt;group&gt;</string>
		</dict>
		<key>6003F59E195388D20070C39A</key>
		<dict>
			<key>fileRef</key>
			<string>6003F59D195388D20070C39A</string>
			<key>isa</key>
			<string>PBXBuildFile</string>
		</dict>
		<key>6003F5A5195388D20070C39A</key>
		<dict>
			<key>isa</key>
			<string>PBXFileReference</string>
			<key>lastKnownFileType</key>
			<string>sourcecode.c.h</string>
			<key>path</key>
			<string>RSInterfaceKitLibraryViewController.h</string>
			<key>sourceTree</key>
			<string>&lt;group&gt;</string>
		</dict>
		<key>6003F5A6195388D20070C39A</key>
		<dict>
			<key>isa</key>
			<string>PBXFileReference</string>
			<key>lastKnownFileType</key>
			<string>sourcecode.c.objc</string>
			<key>path</key>
			<string>RSInterfaceKitLibraryViewController.m</string>
			<key>sourceTree</key>
			<string>&lt;group&gt;</string>
		</dict>
		<key>6003F5A7195388D20070C39A</key>
		<dict>
			<key>fileRef</key>
			<string>6003F5A6195388D20070C39A</string>
			<key>isa</key>
			<string>PBXBuildFile</string>
		</dict>
		<key>6003F5A8195388D20070C39A</key>
		<dict>
			<key>isa</key>
			<string>PBXFileReference</string>
			<key>lastKnownFileType</key>
			<string>folder.assetcatalog</string>
			<key>path</key>
			<string>Images.xcassets</string>
			<key>sourceTree</key>
			<string>&lt;group&gt;</string>
		</dict>
		<key>6003F5A9195388D20070C39A</key>
		<dict>
			<key>fileRef</key>
			<string>6003F5A8195388D20070C39A</string>
			<key>isa</key>
			<string>PBXBuildFile</string>
		</dict>
		<key>6003F5AA195388D20070C39A</key>
		<dict>
			<key>buildActionMask</key>
			<string>2147483647</string>
			<key>files</key>
			<array>
				<string>824C24701CE7B731001A7235</string>
			</array>
			<key>isa</key>
			<string>PBXSourcesBuildPhase</string>
			<key>runOnlyForDeploymentPostprocessing</key>
			<string>0</string>
		</dict>
		<key>6003F5AB195388D20070C39A</key>
		<dict>
			<key>buildActionMask</key>
			<string>2147483647</string>
			<key>files</key>
			<array>
				<string>6003F5B0195388D20070C39A</string>
				<string>6003F5B2195388D20070C39A</string>
				<string>6003F5B1195388D20070C39A</string>
				<string>5AA5B90869AE27D0892597EC</string>
			</array>
			<key>isa</key>
			<string>PBXFrameworksBuildPhase</string>
			<key>runOnlyForDeploymentPostprocessing</key>
			<string>0</string>
		</dict>
		<key>6003F5AC195388D20070C39A</key>
		<dict>
			<key>buildActionMask</key>
			<string>2147483647</string>
			<key>files</key>
			<array>
				<string>6003F5BA195388D20070C39A</string>
			</array>
			<key>isa</key>
			<string>PBXResourcesBuildPhase</string>
			<key>runOnlyForDeploymentPostprocessing</key>
			<string>0</string>
		</dict>
		<key>6003F5AD195388D20070C39A</key>
		<dict>
			<key>buildConfigurationList</key>
			<string>6003F5C2195388D20070C39A</string>
			<key>buildPhases</key>
			<array>
				<string>984C86CFAA7DFF97303EC205</string>
				<string>6003F5AA195388D20070C39A</string>
				<string>6003F5AB195388D20070C39A</string>
				<string>6003F5AC195388D20070C39A</string>
				<string>BD811EFE97E6D58C2418AA43</string>
				<string>0AE56FD32626BA215AF5F63B</string>
			</array>
			<key>buildRules</key>
			<array/>
			<key>dependencies</key>
			<array>
				<string>6003F5B4195388D20070C39A</string>
			</array>
			<key>isa</key>
			<string>PBXNativeTarget</string>
			<key>name</key>
			<string>Tests</string>
			<key>productName</key>
			<string>RSKitTests</string>
			<key>productReference</key>
			<string>6003F5AE195388D20070C39A</string>
			<key>productType</key>
			<string>com.apple.product-type.bundle.unit-test</string>
		</dict>
		<key>6003F5AE195388D20070C39A</key>
		<dict>
			<key>explicitFileType</key>
			<string>wrapper.cfbundle</string>
			<key>includeInIndex</key>
			<string>0</string>
			<key>isa</key>
			<string>PBXFileReference</string>
			<key>path</key>
			<string>Tests.xctest</string>
			<key>sourceTree</key>
			<string>BUILT_PRODUCTS_DIR</string>
		</dict>
		<key>6003F5AF195388D20070C39A</key>
		<dict>
			<key>isa</key>
			<string>PBXFileReference</string>
			<key>lastKnownFileType</key>
			<string>wrapper.framework</string>
			<key>name</key>
			<string>XCTest.framework</string>
			<key>path</key>
			<string>Library/Frameworks/XCTest.framework</string>
			<key>sourceTree</key>
			<string>DEVELOPER_DIR</string>
		</dict>
		<key>6003F5B0195388D20070C39A</key>
		<dict>
			<key>fileRef</key>
			<string>6003F5AF195388D20070C39A</string>
			<key>isa</key>
			<string>PBXBuildFile</string>
		</dict>
		<key>6003F5B1195388D20070C39A</key>
		<dict>
			<key>fileRef</key>
			<string>6003F58D195388D20070C39A</string>
			<key>isa</key>
			<string>PBXBuildFile</string>
		</dict>
		<key>6003F5B2195388D20070C39A</key>
		<dict>
			<key>fileRef</key>
			<string>6003F591195388D20070C39A</string>
			<key>isa</key>
			<string>PBXBuildFile</string>
		</dict>
		<key>6003F5B3195388D20070C39A</key>
		<dict>
			<key>containerPortal</key>
			<string>6003F582195388D10070C39A</string>
			<key>isa</key>
			<string>PBXContainerItemProxy</string>
			<key>proxyType</key>
			<string>1</string>
			<key>remoteGlobalIDString</key>
			<string>6003F589195388D20070C39A</string>
			<key>remoteInfo</key>
			<string>RSKit</string>
		</dict>
		<key>6003F5B4195388D20070C39A</key>
		<dict>
			<key>isa</key>
			<string>PBXTargetDependency</string>
			<key>target</key>
			<string>6003F589195388D20070C39A</string>
			<key>targetProxy</key>
			<string>6003F5B3195388D20070C39A</string>
		</dict>
		<key>6003F5B5195388D20070C39A</key>
		<dict>
			<key>children</key>
			<array>
				<string>6003F5B6195388D20070C39A</string>
				<string>824C246F1CE7B731001A7235</string>
			</array>
			<key>isa</key>
			<string>PBXGroup</string>
			<key>path</key>
			<string>Tests</string>
			<key>sourceTree</key>
			<string>&lt;group&gt;</string>
		</dict>
		<key>6003F5B6195388D20070C39A</key>
		<dict>
			<key>children</key>
			<array>
				<string>6003F5B7195388D20070C39A</string>
				<string>6003F5B8195388D20070C39A</string>
				<string>606FC2411953D9B200FFA9A0</string>
			</array>
			<key>isa</key>
			<string>PBXGroup</string>
			<key>name</key>
			<string>Supporting Files</string>
			<key>sourceTree</key>
			<string>&lt;group&gt;</string>
		</dict>
		<key>6003F5B7195388D20070C39A</key>
		<dict>
			<key>isa</key>
			<string>PBXFileReference</string>
			<key>lastKnownFileType</key>
			<string>text.plist.xml</string>
			<key>path</key>
			<string>Tests-Info.plist</string>
			<key>sourceTree</key>
			<string>&lt;group&gt;</string>
		</dict>
		<key>6003F5B8195388D20070C39A</key>
		<dict>
			<key>children</key>
			<array>
				<string>6003F5B9195388D20070C39A</string>
			</array>
			<key>isa</key>
			<string>PBXVariantGroup</string>
			<key>name</key>
			<string>InfoPlist.strings</string>
			<key>sourceTree</key>
			<string>&lt;group&gt;</string>
		</dict>
		<key>6003F5B9195388D20070C39A</key>
		<dict>
			<key>isa</key>
			<string>PBXFileReference</string>
			<key>lastKnownFileType</key>
			<string>text.plist.strings</string>
			<key>name</key>
			<string>en</string>
			<key>path</key>
			<string>en.lproj/InfoPlist.strings</string>
			<key>sourceTree</key>
			<string>&lt;group&gt;</string>
		</dict>
		<key>6003F5BA195388D20070C39A</key>
		<dict>
			<key>fileRef</key>
			<string>6003F5B8195388D20070C39A</string>
			<key>isa</key>
			<string>PBXBuildFile</string>
		</dict>
		<key>6003F5BD195388D20070C39A</key>
		<dict>
			<key>buildSettings</key>
			<dict>
				<key>ALWAYS_SEARCH_USER_PATHS</key>
				<string>NO</string>
				<key>CLANG_CXX_LANGUAGE_STANDARD</key>
				<string>gnu++0x</string>
				<key>CLANG_CXX_LIBRARY</key>
				<string>libc++</string>
				<key>CLANG_ENABLE_MODULES</key>
				<string>YES</string>
				<key>CLANG_ENABLE_OBJC_ARC</key>
				<string>YES</string>
				<key>CLANG_WARN_BOOL_CONVERSION</key>
				<string>YES</string>
				<key>CLANG_WARN_CONSTANT_CONVERSION</key>
				<string>YES</string>
				<key>CLANG_WARN_DIRECT_OBJC_ISA_USAGE</key>
				<string>YES_ERROR</string>
				<key>CLANG_WARN_EMPTY_BODY</key>
				<string>YES</string>
				<key>CLANG_WARN_ENUM_CONVERSION</key>
				<string>YES</string>
				<key>CLANG_WARN_INFINITE_RECURSION</key>
				<string>YES</string>
				<key>CLANG_WARN_INT_CONVERSION</key>
				<string>YES</string>
				<key>CLANG_WARN_OBJC_ROOT_CLASS</key>
				<string>YES_ERROR</string>
				<key>CLANG_WARN_SUSPICIOUS_MOVE</key>
				<string>YES</string>
				<key>CLANG_WARN_UNREACHABLE_CODE</key>
				<string>YES</string>
				<key>CLANG_WARN__DUPLICATE_METHOD_MATCH</key>
				<string>YES</string>
				<key>CODE_SIGN_IDENTITY[sdk=iphoneos*]</key>
				<string>iPhone Developer</string>
				<key>COPY_PHASE_STRIP</key>
				<string>NO</string>
				<key>ENABLE_STRICT_OBJC_MSGSEND</key>
				<string>YES</string>
				<key>ENABLE_TESTABILITY</key>
				<string>YES</string>
				<key>GCC_C_LANGUAGE_STANDARD</key>
				<string>gnu99</string>
				<key>GCC_DYNAMIC_NO_PIC</key>
				<string>NO</string>
				<key>GCC_NO_COMMON_BLOCKS</key>
				<string>YES</string>
				<key>GCC_OPTIMIZATION_LEVEL</key>
				<string>0</string>
				<key>GCC_PREPROCESSOR_DEFINITIONS</key>
				<array>
					<string>DEBUG=1</string>
					<string>$(inherited)</string>
				</array>
				<key>GCC_SYMBOLS_PRIVATE_EXTERN</key>
				<string>NO</string>
				<key>GCC_WARN_64_TO_32_BIT_CONVERSION</key>
				<string>YES</string>
				<key>GCC_WARN_ABOUT_RETURN_TYPE</key>
				<string>YES_ERROR</string>
				<key>GCC_WARN_UNDECLARED_SELECTOR</key>
				<string>YES</string>
				<key>GCC_WARN_UNINITIALIZED_AUTOS</key>
				<string>YES_AGGRESSIVE</string>
				<key>GCC_WARN_UNUSED_FUNCTION</key>
				<string>YES</string>
				<key>GCC_WARN_UNUSED_VARIABLE</key>
				<string>YES</string>
				<key>IPHONEOS_DEPLOYMENT_TARGET</key>
				<string>8.0</string>
				<key>ONLY_ACTIVE_ARCH</key>
				<string>YES</string>
				<key>SDKROOT</key>
				<string>iphoneos</string>
				<key>TARGETED_DEVICE_FAMILY</key>
				<string>1,2</string>
			</dict>
			<key>isa</key>
			<string>XCBuildConfiguration</string>
			<key>name</key>
			<string>Debug</string>
		</dict>
		<key>6003F5BE195388D20070C39A</key>
		<dict>
			<key>buildSettings</key>
			<dict>
				<key>ALWAYS_SEARCH_USER_PATHS</key>
				<string>NO</string>
				<key>CLANG_CXX_LANGUAGE_STANDARD</key>
				<string>gnu++0x</string>
				<key>CLANG_CXX_LIBRARY</key>
				<string>libc++</string>
				<key>CLANG_ENABLE_MODULES</key>
				<string>YES</string>
				<key>CLANG_ENABLE_OBJC_ARC</key>
				<string>YES</string>
				<key>CLANG_WARN_BOOL_CONVERSION</key>
				<string>YES</string>
				<key>CLANG_WARN_CONSTANT_CONVERSION</key>
				<string>YES</string>
				<key>CLANG_WARN_DIRECT_OBJC_ISA_USAGE</key>
				<string>YES_ERROR</string>
				<key>CLANG_WARN_EMPTY_BODY</key>
				<string>YES</string>
				<key>CLANG_WARN_ENUM_CONVERSION</key>
				<string>YES</string>
				<key>CLANG_WARN_INFINITE_RECURSION</key>
				<string>YES</string>
				<key>CLANG_WARN_INT_CONVERSION</key>
				<string>YES</string>
				<key>CLANG_WARN_OBJC_ROOT_CLASS</key>
				<string>YES_ERROR</string>
				<key>CLANG_WARN_SUSPICIOUS_MOVE</key>
				<string>YES</string>
				<key>CLANG_WARN_UNREACHABLE_CODE</key>
				<string>YES</string>
				<key>CLANG_WARN__DUPLICATE_METHOD_MATCH</key>
				<string>YES</string>
				<key>CODE_SIGN_IDENTITY[sdk=iphoneos*]</key>
				<string>iPhone Developer</string>
				<key>COPY_PHASE_STRIP</key>
				<string>YES</string>
				<key>ENABLE_NS_ASSERTIONS</key>
				<string>NO</string>
				<key>ENABLE_STRICT_OBJC_MSGSEND</key>
				<string>YES</string>
				<key>GCC_C_LANGUAGE_STANDARD</key>
				<string>gnu99</string>
				<key>GCC_NO_COMMON_BLOCKS</key>
				<string>YES</string>
				<key>GCC_WARN_64_TO_32_BIT_CONVERSION</key>
				<string>YES</string>
				<key>GCC_WARN_ABOUT_RETURN_TYPE</key>
				<string>YES_ERROR</string>
				<key>GCC_WARN_UNDECLARED_SELECTOR</key>
				<string>YES</string>
				<key>GCC_WARN_UNINITIALIZED_AUTOS</key>
				<string>YES_AGGRESSIVE</string>
				<key>GCC_WARN_UNUSED_FUNCTION</key>
				<string>YES</string>
				<key>GCC_WARN_UNUSED_VARIABLE</key>
				<string>YES</string>
				<key>IPHONEOS_DEPLOYMENT_TARGET</key>
				<string>8.0</string>
				<key>SDKROOT</key>
				<string>iphoneos</string>
				<key>TARGETED_DEVICE_FAMILY</key>
				<string>1,2</string>
				<key>VALIDATE_PRODUCT</key>
				<string>YES</string>
			</dict>
			<key>isa</key>
			<string>XCBuildConfiguration</string>
			<key>name</key>
			<string>Release</string>
		</dict>
		<key>6003F5BF195388D20070C39A</key>
		<dict>
			<key>buildConfigurations</key>
			<array>
				<string>6003F5C0195388D20070C39A</string>
				<string>6003F5C1195388D20070C39A</string>
			</array>
			<key>defaultConfigurationIsVisible</key>
			<string>0</string>
			<key>defaultConfigurationName</key>
			<string>Release</string>
			<key>isa</key>
			<string>XCConfigurationList</string>
		</dict>
		<key>6003F5C0195388D20070C39A</key>
		<dict>
			<key>baseConfigurationReference</key>
			<string>6DD24829044C80F989E8C552</string>
			<key>buildSettings</key>
			<dict>
				<key>ASSETCATALOG_COMPILER_APPICON_NAME</key>
				<string>AppIcon</string>
				<key>CLANG_ENABLE_MODULES</key>
				<string>YES</string>
				<key>CLANG_WARN_DOCUMENTATION_COMMENTS</key>
				<string>YES</string>
				<key>DEVELOPMENT_TEAM</key>
				<string>GH3628GD63</string>
				<key>GCC_PRECOMPILE_PREFIX_HEADER</key>
				<string>YES</string>
				<key>GCC_PREFIX_HEADER</key>
				<string>RSKit/RSInterfaceKit-Prefix.pch</string>
				<key>INFOPLIST_FILE</key>
				<string>RSKit/RSInterfaceKit-Info.plist</string>
				<key>IPHONEOS_DEPLOYMENT_TARGET</key>
				<string>8.0</string>
				<key>PRODUCT_BUNDLE_IDENTIFIER</key>
				<string>org.cocoapods.demo.${PRODUCT_NAME:rfc1034identifier}</string>
				<key>PRODUCT_NAME</key>
				<string>RSInterfaceKit</string>
				<key>WRAPPER_EXTENSION</key>
				<string>app</string>
			</dict>
			<key>isa</key>
			<string>XCBuildConfiguration</string>
			<key>name</key>
			<string>Debug</string>
		</dict>
		<key>6003F5C1195388D20070C39A</key>
		<dict>
			<key>baseConfigurationReference</key>
			<string>C93DE1287D7EA97D70F540D1</string>
			<key>buildSettings</key>
			<dict>
				<key>ASSETCATALOG_COMPILER_APPICON_NAME</key>
				<string>AppIcon</string>
				<key>CLANG_WARN_DOCUMENTATION_COMMENTS</key>
				<string>YES</string>
				<key>DEVELOPMENT_TEAM</key>
				<string>GH3628GD63</string>
				<key>GCC_PRECOMPILE_PREFIX_HEADER</key>
				<string>YES</string>
				<key>GCC_PREFIX_HEADER</key>
				<string>RSKit/RSInterfaceKit-Prefix.pch</string>
				<key>INFOPLIST_FILE</key>
				<string>RSKit/RSInterfaceKit-Info.plist</string>
				<key>IPHONEOS_DEPLOYMENT_TARGET</key>
				<string>8.0</string>
				<key>PRODUCT_BUNDLE_IDENTIFIER</key>
				<string>org.cocoapods.demo.${PRODUCT_NAME:rfc1034identifier}</string>
				<key>PRODUCT_NAME</key>
				<string>RSInterfaceKit</string>
				<key>WRAPPER_EXTENSION</key>
				<string>app</string>
			</dict>
			<key>isa</key>
			<string>XCBuildConfiguration</string>
			<key>name</key>
			<string>Release</string>
		</dict>
		<key>6003F5C2195388D20070C39A</key>
		<dict>
			<key>buildConfigurations</key>
			<array>
				<string>6003F5C3195388D20070C39A</string>
				<string>6003F5C4195388D20070C39A</string>
			</array>
			<key>defaultConfigurationIsVisible</key>
			<string>0</string>
			<key>defaultConfigurationName</key>
			<string>Release</string>
			<key>isa</key>
			<string>XCConfigurationList</string>
		</dict>
		<key>6003F5C3195388D20070C39A</key>
		<dict>
			<key>baseConfigurationReference</key>
			<string>B96736C65FE14E5234DCC0D8</string>
			<key>buildSettings</key>
			<dict>
				<key>BUNDLE_LOADER</key>
				<string>$(BUILT_PRODUCTS_DIR)/RSInterfaceKit.app/RSInterfaceKit</string>
				<key>FRAMEWORK_SEARCH_PATHS</key>
				<array>
					<string>$(inherited)</string>
					<string>$(DEVELOPER_FRAMEWORKS_DIR)</string>
				</array>
				<key>GCC_PRECOMPILE_PREFIX_HEADER</key>
				<string>YES</string>
				<key>GCC_PREFIX_HEADER</key>
				<string>Tests/Tests-Prefix.pch</string>
				<key>GCC_PREPROCESSOR_DEFINITIONS</key>
				<array>
					<string>DEBUG=1</string>
					<string>$(inherited)</string>
				</array>
				<key>INFOPLIST_FILE</key>
				<string>Tests/Tests-Info.plist</string>
				<key>IPHONEOS_DEPLOYMENT_TARGET</key>
				<string>8.0</string>
				<key>PRODUCT_BUNDLE_IDENTIFIER</key>
				<string>org.cocoapods.demo.${PRODUCT_NAME:rfc1034identifier}</string>
				<key>PRODUCT_NAME</key>
				<string>$(TARGET_NAME)</string>
				<key>TEST_HOST</key>
				<string>$(BUNDLE_LOADER)</string>
				<key>WRAPPER_EXTENSION</key>
				<string>xctest</string>
			</dict>
			<key>isa</key>
			<string>XCBuildConfiguration</string>
			<key>name</key>
			<string>Debug</string>
		</dict>
		<key>6003F5C4195388D20070C39A</key>
		<dict>
			<key>baseConfigurationReference</key>
			<string>3BF9DB779509B336E013DA4C</string>
			<key>buildSettings</key>
			<dict>
				<key>BUNDLE_LOADER</key>
				<string>$(BUILT_PRODUCTS_DIR)/RSInterfaceKit.app/RSInterfaceKit</string>
				<key>FRAMEWORK_SEARCH_PATHS</key>
				<array>
					<string>$(inherited)</string>
					<string>$(DEVELOPER_FRAMEWORKS_DIR)</string>
				</array>
				<key>GCC_PRECOMPILE_PREFIX_HEADER</key>
				<string>YES</string>
				<key>GCC_PREFIX_HEADER</key>
				<string>Tests/Tests-Prefix.pch</string>
				<key>INFOPLIST_FILE</key>
				<string>Tests/Tests-Info.plist</string>
				<key>IPHONEOS_DEPLOYMENT_TARGET</key>
				<string>8.0</string>
				<key>PRODUCT_BUNDLE_IDENTIFIER</key>
				<string>org.cocoapods.demo.${PRODUCT_NAME:rfc1034identifier}</string>
				<key>PRODUCT_NAME</key>
				<string>$(TARGET_NAME)</string>
				<key>TEST_HOST</key>
				<string>$(BUNDLE_LOADER)</string>
				<key>WRAPPER_EXTENSION</key>
				<string>xctest</string>
			</dict>
			<key>isa</key>
			<string>XCBuildConfiguration</string>
			<key>name</key>
			<string>Release</string>
		</dict>
		<key>606FC2411953D9B200FFA9A0</key>
		<dict>
			<key>isa</key>
			<string>PBXFileReference</string>
			<key>lastKnownFileType</key>
			<string>sourcecode.c.h</string>
			<key>path</key>
			<string>Tests-Prefix.pch</string>
			<key>sourceTree</key>
			<string>&lt;group&gt;</string>
		</dict>
		<key>60FF7A9C1954A5C5007DD14C</key>
		<dict>
			<key>children</key>
			<array>
				<string>82BB07481B5C1348002149F5</string>
				<string>32F417AD5B30C0505E5A3B05</string>
				<string>4709D2AE48241A9CC9D224CE</string>
			</array>
			<key>isa</key>
			<string>PBXGroup</string>
			<key>name</key>
			<string>Podspec Metadata</string>
			<key>sourceTree</key>
			<string>&lt;group&gt;</string>
		</dict>
		<key>6B648A736201BA77564C7A82</key>
		<dict>
			<key>explicitFileType</key>
			<string>wrapper.framework</string>
			<key>includeInIndex</key>
			<string>0</string>
			<key>isa</key>
			<string>PBXFileReference</string>
			<key>path</key>
			<string>Pods_Tests.framework</string>
			<key>sourceTree</key>
			<string>BUILT_PRODUCTS_DIR</string>
		</dict>
		<key>6DD24829044C80F989E8C552</key>
		<dict>
			<key>includeInIndex</key>
			<string>1</string>
			<key>isa</key>
			<string>PBXFileReference</string>
			<key>lastKnownFileType</key>
			<string>text.xcconfig</string>
			<key>name</key>
			<string>Pods-RSInterfaceKit.debug.xcconfig</string>
			<key>path</key>
			<string>Pods/Target Support Files/Pods-RSInterfaceKit/Pods-RSInterfaceKit.debug.xcconfig</string>
			<key>sourceTree</key>
			<string>&lt;group&gt;</string>
		</dict>
		<key>797B17BB4F916E10DF70729E</key>
		<dict>
			<key>buildActionMask</key>
			<string>2147483647</string>
			<key>files</key>
			<array/>
			<key>inputPaths</key>
			<array/>
			<key>isa</key>
			<string>PBXShellScriptBuildPhase</string>
			<key>name</key>
			<string>[CP] Copy Pods Resources</string>
			<key>outputPaths</key>
			<array/>
			<key>runOnlyForDeploymentPostprocessing</key>
			<string>0</string>
			<key>shellPath</key>
			<string>/bin/sh</string>
			<key>shellScript</key>
			<string>"${SRCROOT}/Pods/Target Support Files/Pods-RSInterfaceKit/Pods-RSInterfaceKit-resources.sh"
</string>
			<key>showEnvVarsInLog</key>
			<string>0</string>
		</dict>
		<key>7D8E638467BF40EDB33EFF89</key>
		<dict>
			<key>buildActionMask</key>
			<string>2147483647</string>
			<key>files</key>
			<array/>
			<key>inputPaths</key>
			<array/>
			<key>isa</key>
			<string>PBXShellScriptBuildPhase</string>
			<key>name</key>
			<string>[CP] Check Pods Manifest.lock</string>
			<key>outputPaths</key>
			<array/>
			<key>runOnlyForDeploymentPostprocessing</key>
			<string>0</string>
			<key>shellPath</key>
			<string>/bin/sh</string>
			<key>shellScript</key>
			<string>diff "${PODS_ROOT}/../Podfile.lock" "${PODS_ROOT}/Manifest.lock" &gt; /dev/null
if [[ $? != 0 ]] ; then
    cat &lt;&lt; EOM
error: The sandbox is not in sync with the Podfile.lock. Run 'pod install' or update your CocoaPods installation.
EOM
    exit 1
fi
</string>
			<key>showEnvVarsInLog</key>
			<string>0</string>
		</dict>
		<key>822FD0ED1BBA270400E45C19</key>
		<dict>
			<key>children</key>
			<array>
				<string>822FD0EE1BBA271400E45C19</string>
				<string>822FD0EF1BBA271400E45C19</string>
				<string>822FD0F11BBA271C00E45C19</string>
				<string>822FD0F21BBA271C00E45C19</string>
				<string>822FD0F41BBA272500E45C19</string>
				<string>822FD0F51BBA272500E45C19</string>
			</array>
			<key>isa</key>
			<string>PBXGroup</string>
			<key>name</key>
			<string>CollectionViewTransitions</string>
			<key>sourceTree</key>
			<string>&lt;group&gt;</string>
		</dict>
		<key>822FD0EE1BBA271400E45C19</key>
		<dict>
			<key>fileEncoding</key>
			<string>4</string>
			<key>isa</key>
			<string>PBXFileReference</string>
			<key>lastKnownFileType</key>
			<string>sourcecode.c.h</string>
			<key>path</key>
			<string>CollectionViewDataSource.h</string>
			<key>sourceTree</key>
			<string>&lt;group&gt;</string>
		</dict>
		<key>822FD0EF1BBA271400E45C19</key>
		<dict>
			<key>fileEncoding</key>
			<string>4</string>
			<key>isa</key>
			<string>PBXFileReference</string>
			<key>lastKnownFileType</key>
			<string>sourcecode.c.objc</string>
			<key>path</key>
			<string>CollectionViewDataSource.m</string>
			<key>sourceTree</key>
			<string>&lt;group&gt;</string>
		</dict>
		<key>822FD0F01BBA271400E45C19</key>
		<dict>
			<key>fileRef</key>
			<string>822FD0EF1BBA271400E45C19</string>
			<key>isa</key>
			<string>PBXBuildFile</string>
		</dict>
		<key>822FD0F11BBA271C00E45C19</key>
		<dict>
			<key>fileEncoding</key>
			<string>4</string>
			<key>isa</key>
			<string>PBXFileReference</string>
			<key>lastKnownFileType</key>
			<string>sourcecode.c.h</string>
			<key>path</key>
			<string>ImageManager.h</string>
			<key>sourceTree</key>
			<string>&lt;group&gt;</string>
		</dict>
		<key>822FD0F21BBA271C00E45C19</key>
		<dict>
			<key>fileEncoding</key>
			<string>4</string>
			<key>isa</key>
			<string>PBXFileReference</string>
			<key>lastKnownFileType</key>
			<string>sourcecode.c.objc</string>
			<key>path</key>
			<string>ImageManager.m</string>
			<key>sourceTree</key>
			<string>&lt;group&gt;</string>
		</dict>
		<key>822FD0F31BBA271C00E45C19</key>
		<dict>
			<key>fileRef</key>
			<string>822FD0F21BBA271C00E45C19</string>
			<key>isa</key>
			<string>PBXBuildFile</string>
		</dict>
		<key>822FD0F41BBA272500E45C19</key>
		<dict>
			<key>fileEncoding</key>
			<string>4</string>
			<key>isa</key>
			<string>PBXFileReference</string>
			<key>lastKnownFileType</key>
			<string>sourcecode.c.h</string>
			<key>path</key>
			<string>UserLibraryCollectionViewCell.h</string>
			<key>sourceTree</key>
			<string>&lt;group&gt;</string>
		</dict>
		<key>822FD0F51BBA272500E45C19</key>
		<dict>
			<key>fileEncoding</key>
			<string>4</string>
			<key>isa</key>
			<string>PBXFileReference</string>
			<key>lastKnownFileType</key>
			<string>sourcecode.c.objc</string>
			<key>path</key>
			<string>UserLibraryCollectionViewCell.m</string>
			<key>sourceTree</key>
			<string>&lt;group&gt;</string>
		</dict>
		<key>822FD0F61BBA272500E45C19</key>
		<dict>
			<key>fileRef</key>
			<string>822FD0F51BBA272500E45C19</string>
			<key>isa</key>
			<string>PBXBuildFile</string>
		</dict>
		<key>824C246F1CE7B731001A7235</key>
		<dict>
			<key>fileEncoding</key>
			<string>4</string>
			<key>isa</key>
			<string>PBXFileReference</string>
			<key>lastKnownFileType</key>
			<string>sourcecode.c.objc</string>
			<key>path</key>
			<string>RSInterfaceTest.m</string>
			<key>sourceTree</key>
			<string>&lt;group&gt;</string>
		</dict>
		<key>824C24701CE7B731001A7235</key>
		<dict>
			<key>fileRef</key>
			<string>824C246F1CE7B731001A7235</string>
			<key>isa</key>
			<string>PBXBuildFile</string>
		</dict>
		<key>824D2F241D1AFBA000A0EEA1</key>
		<dict>
			<key>fileEncoding</key>
			<string>4</string>
			<key>isa</key>
			<string>PBXFileReference</string>
			<key>lastKnownFileType</key>
			<string>sourcecode.c.h</string>
			<key>path</key>
			<string>GSTouchesShowingWindow.h</string>
			<key>sourceTree</key>
			<string>&lt;group&gt;</string>
		</dict>
		<key>824D2F251D1AFBA000A0EEA1</key>
		<dict>
			<key>fileEncoding</key>
			<string>4</string>
			<key>isa</key>
			<string>PBXFileReference</string>
			<key>lastKnownFileType</key>
			<string>sourcecode.c.objc</string>
			<key>path</key>
			<string>GSTouchesShowingWindow.m</string>
			<key>sourceTree</key>
			<string>&lt;group&gt;</string>
		</dict>
		<key>824D2F261D1AFBA000A0EEA1</key>
		<dict>
			<key>isa</key>
			<string>PBXFileReference</string>
			<key>lastKnownFileType</key>
			<string>image.png</string>
			<key>path</key>
			<string>GSTouchImage.png</string>
			<key>sourceTree</key>
			<string>&lt;group&gt;</string>
		</dict>
		<key>824D2F271D1AFBA000A0EEA1</key>
		<dict>
			<key>isa</key>
			<string>PBXFileReference</string>
			<key>lastKnownFileType</key>
			<string>image.png</string>
			<key>path</key>
			<string>GSTouchImage@2x.png</string>
			<key>sourceTree</key>
			<string>&lt;group&gt;</string>
		</dict>
		<key>824D2F281D1AFBA000A0EEA1</key>
		<dict>
			<key>fileRef</key>
			<string>824D2F251D1AFBA000A0EEA1</string>
			<key>isa</key>
			<string>PBXBuildFile</string>
		</dict>
		<key>824D2F291D1AFBA000A0EEA1</key>
		<dict>
			<key>fileRef</key>
			<string>824D2F261D1AFBA000A0EEA1</string>
			<key>isa</key>
			<string>PBXBuildFile</string>
		</dict>
		<key>824D2F2A1D1AFBA000A0EEA1</key>
		<dict>
			<key>fileRef</key>
			<string>824D2F271D1AFBA000A0EEA1</string>
			<key>isa</key>
			<string>PBXBuildFile</string>
		</dict>
		<key>824D2F2B1D1AFC2900A0EEA1</key>
		<dict>
			<key>children</key>
			<array>
				<string>824D2F241D1AFBA000A0EEA1</string>
				<string>824D2F251D1AFBA000A0EEA1</string>
				<string>824D2F261D1AFBA000A0EEA1</string>
				<string>824D2F271D1AFBA000A0EEA1</string>
			</array>
			<key>isa</key>
			<string>PBXGroup</string>
			<key>name</key>
			<string>Dev</string>
			<key>sourceTree</key>
			<string>&lt;group&gt;</string>
		</dict>
		<key>824D88611B248F430047CE03</key>
		<dict>
			<key>fileEncoding</key>
			<string>4</string>
			<key>isa</key>
			<string>PBXFileReference</string>
			<key>lastKnownFileType</key>
			<string>sourcecode.c.h</string>
			<key>path</key>
			<string>RSInterfaceKitLibraryView.h</string>
			<key>sourceTree</key>
			<string>&lt;group&gt;</string>
		</dict>
		<key>824D88621B248F430047CE03</key>
		<dict>
			<key>fileEncoding</key>
			<string>4</string>
			<key>isa</key>
			<string>PBXFileReference</string>
			<key>lastKnownFileType</key>
			<string>sourcecode.c.objc</string>
			<key>path</key>
			<string>RSInterfaceKitLibraryView.m</string>
			<key>sourceTree</key>
			<string>&lt;group&gt;</string>
		</dict>
		<key>824D88631B248F430047CE03</key>
		<dict>
			<key>fileRef</key>
			<string>824D88621B248F430047CE03</string>
			<key>isa</key>
			<string>PBXBuildFile</string>
		</dict>
		<key>824D88641B2494FA0047CE03</key>
		<dict>
			<key>fileEncoding</key>
			<string>4</string>
			<key>isa</key>
			<string>PBXFileReference</string>
			<key>lastKnownFileType</key>
			<string>sourcecode.c.h</string>
			<key>path</key>
			<string>RSFullScreenImageTestViewController.h</string>
			<key>sourceTree</key>
			<string>&lt;group&gt;</string>
		</dict>
		<key>824D88651B2494FA0047CE03</key>
		<dict>
			<key>fileEncoding</key>
			<string>4</string>
			<key>isa</key>
			<string>PBXFileReference</string>
			<key>lastKnownFileType</key>
			<string>sourcecode.c.objc</string>
			<key>path</key>
			<string>RSFullScreenImageTestViewController.m</string>
			<key>sourceTree</key>
			<string>&lt;group&gt;</string>
		</dict>
		<key>824D88661B2494FA0047CE03</key>
		<dict>
			<key>fileRef</key>
			<string>824D88651B2494FA0047CE03</string>
			<key>isa</key>
			<string>PBXBuildFile</string>
		</dict>
		<key>82606F501B27B675003BB195</key>
		<dict>
			<key>fileEncoding</key>
			<string>4</string>
			<key>isa</key>
			<string>PBXFileReference</string>
			<key>lastKnownFileType</key>
			<string>sourcecode.c.h</string>
			<key>path</key>
			<string>RSImageCarouselExampleViewController.h</string>
			<key>sourceTree</key>
			<string>&lt;group&gt;</string>
		</dict>
		<key>82606F511B27B675003BB195</key>
		<dict>
			<key>fileEncoding</key>
			<string>4</string>
			<key>isa</key>
			<string>PBXFileReference</string>
			<key>lastKnownFileType</key>
			<string>sourcecode.c.objc</string>
			<key>path</key>
			<string>RSImageCarouselExampleViewController.m</string>
			<key>sourceTree</key>
			<string>&lt;group&gt;</string>
		</dict>
		<key>82606F521B27B675003BB195</key>
		<dict>
			<key>fileRef</key>
			<string>82606F511B27B675003BB195</string>
			<key>isa</key>
			<string>PBXBuildFile</string>
		</dict>
		<key>82606F531B325D65003BB195</key>
		<dict>
			<key>fileEncoding</key>
			<string>4</string>
			<key>isa</key>
			<string>PBXFileReference</string>
			<key>lastKnownFileType</key>
			<string>sourcecode.c.h</string>
			<key>path</key>
			<string>RSCarouselViewController.h</string>
			<key>sourceTree</key>
			<string>&lt;group&gt;</string>
		</dict>
		<key>82606F541B325D65003BB195</key>
		<dict>
			<key>fileEncoding</key>
			<string>4</string>
			<key>isa</key>
			<string>PBXFileReference</string>
			<key>lastKnownFileType</key>
			<string>sourcecode.c.objc</string>
			<key>path</key>
			<string>RSCarouselViewController.m</string>
			<key>sourceTree</key>
			<string>&lt;group&gt;</string>
		</dict>
		<key>82606F551B325D65003BB195</key>
		<dict>
			<key>fileRef</key>
			<string>82606F541B325D65003BB195</string>
			<key>isa</key>
			<string>PBXBuildFile</string>
		</dict>
		<key>826CA90F1C5679B0007CDDF5</key>
		<dict>
			<key>fileEncoding</key>
			<string>4</string>
			<key>isa</key>
			<string>PBXFileReference</string>
			<key>lastKnownFileType</key>
			<string>sourcecode.c.h</string>
			<key>path</key>
			<string>RSWebViewController.h</string>
			<key>sourceTree</key>
			<string>&lt;group&gt;</string>
		</dict>
		<key>826CA9101C5679B0007CDDF5</key>
		<dict>
			<key>fileEncoding</key>
			<string>4</string>
			<key>isa</key>
			<string>PBXFileReference</string>
			<key>lastKnownFileType</key>
			<string>sourcecode.c.objc</string>
			<key>path</key>
			<string>RSWebViewController.m</string>
			<key>sourceTree</key>
			<string>&lt;group&gt;</string>
		</dict>
		<key>826CA9111C5679B0007CDDF5</key>
		<dict>
			<key>fileRef</key>
			<string>826CA9101C5679B0007CDDF5</string>
			<key>isa</key>
			<string>PBXBuildFile</string>
		</dict>
		<key>82A8168D1C6457FA00609AA3</key>
		<dict>
			<key>fileEncoding</key>
			<string>4</string>
			<key>isa</key>
			<string>PBXFileReference</string>
			<key>lastKnownFileType</key>
			<string>sourcecode.c.h</string>
			<key>path</key>
			<string>RSSettingsViewController.h</string>
			<key>sourceTree</key>
			<string>&lt;group&gt;</string>
		</dict>
		<key>82A8168E1C6457FA00609AA3</key>
		<dict>
			<key>fileEncoding</key>
			<string>4</string>
			<key>isa</key>
			<string>PBXFileReference</string>
			<key>lastKnownFileType</key>
			<string>sourcecode.c.objc</string>
			<key>path</key>
			<string>RSSettingsViewController.m</string>
			<key>sourceTree</key>
			<string>&lt;group&gt;</string>
		</dict>
		<key>82A8168F1C6457FA00609AA3</key>
		<dict>
			<key>fileRef</key>
			<string>82A8168E1C6457FA00609AA3</string>
			<key>isa</key>
			<string>PBXBuildFile</string>
		</dict>
		<key>82B73ABD1B27ADE300C5AD74</key>
		<dict>
			<key>fileEncoding</key>
			<string>4</string>
			<key>isa</key>
			<string>PBXFileReference</string>
			<key>lastKnownFileType</key>
			<string>sourcecode.c.h</string>
			<key>path</key>
			<string>RSAlertsExampleViewController.h</string>
			<key>sourceTree</key>
			<string>&lt;group&gt;</string>
		</dict>
		<key>82B73ABE1B27ADE300C5AD74</key>
		<dict>
			<key>fileEncoding</key>
			<string>4</string>
			<key>isa</key>
			<string>PBXFileReference</string>
			<key>lastKnownFileType</key>
			<string>sourcecode.c.objc</string>
			<key>path</key>
			<string>RSAlertsExampleViewController.m</string>
			<key>sourceTree</key>
			<string>&lt;group&gt;</string>
		</dict>
		<key>82B73ABF1B27ADE300C5AD74</key>
		<dict>
			<key>fileRef</key>
			<string>82B73ABE1B27ADE300C5AD74</string>
			<key>isa</key>
			<string>PBXBuildFile</string>
		</dict>
		<key>82BB07481B5C1348002149F5</key>
		<dict>
			<key>fileEncoding</key>
			<string>4</string>
			<key>isa</key>
			<string>PBXFileReference</string>
			<key>lastKnownFileType</key>
			<string>text</string>
			<key>name</key>
			<string>RSInterfaceKit.podspec</string>
			<key>path</key>
			<string>../RSInterfaceKit.podspec</string>
			<key>sourceTree</key>
			<string>&lt;group&gt;</string>
		</dict>
		<key>82BB07491B5C1348002149F5</key>
		<dict>
			<key>fileRef</key>
			<string>82BB07481B5C1348002149F5</string>
			<key>isa</key>
			<string>PBXBuildFile</string>
		</dict>
		<key>82BB074A1B5C8285002149F5</key>
		<dict>
			<key>fileEncoding</key>
			<string>4</string>
			<key>isa</key>
			<string>PBXFileReference</string>
			<key>lastKnownFileType</key>
			<string>sourcecode.c.h</string>
			<key>path</key>
			<string>RSZoomImageToImageViewController.h</string>
			<key>sourceTree</key>
			<string>&lt;group&gt;</string>
		</dict>
		<key>82BB074B1B5C8285002149F5</key>
		<dict>
			<key>fileEncoding</key>
			<string>4</string>
			<key>isa</key>
			<string>PBXFileReference</string>
			<key>lastKnownFileType</key>
			<string>sourcecode.c.objc</string>
			<key>path</key>
			<string>RSZoomImageToImageViewController.m</string>
			<key>sourceTree</key>
			<string>&lt;group&gt;</string>
		</dict>
		<key>82BB074C1B5C8285002149F5</key>
		<dict>
			<key>fileRef</key>
			<string>82BB074B1B5C8285002149F5</string>
			<key>isa</key>
			<string>PBXBuildFile</string>
		</dict>
		<key>82DE1F4D1BB056B1002307AB</key>
		<dict>
			<key>fileEncoding</key>
			<string>4</string>
			<key>isa</key>
			<string>PBXFileReference</string>
			<key>lastKnownFileType</key>
			<string>file.storyboard</string>
			<key>path</key>
			<string>Launch Screen.storyboard</string>
			<key>sourceTree</key>
			<string>&lt;group&gt;</string>
		</dict>
		<key>82DE1F4E1BB056B1002307AB</key>
		<dict>
			<key>fileRef</key>
			<string>82DE1F4D1BB056B1002307AB</string>
			<key>isa</key>
			<string>PBXBuildFile</string>
		</dict>
		<key>82FC196A1CF6359B000B3138</key>
		<dict>
			<key>fileEncoding</key>
			<string>4</string>
			<key>isa</key>
			<string>PBXFileReference</string>
			<key>lastKnownFileType</key>
			<string>sourcecode.c.h</string>
			<key>path</key>
			<string>RSToolTipsViewController.h</string>
			<key>sourceTree</key>
			<string>&lt;group&gt;</string>
		</dict>
		<key>82FC196B1CF6359B000B3138</key>
		<dict>
			<key>fileEncoding</key>
			<string>4</string>
			<key>isa</key>
			<string>PBXFileReference</string>
			<key>lastKnownFileType</key>
			<string>sourcecode.c.objc</string>
			<key>path</key>
			<string>RSToolTipsViewController.m</string>
			<key>sourceTree</key>
			<string>&lt;group&gt;</string>
		</dict>
		<key>82FC196C1CF6359B000B3138</key>
		<dict>
			<key>fileRef</key>
			<string>82FC196B1CF6359B000B3138</string>
			<key>isa</key>
			<string>PBXBuildFile</string>
		</dict>
		<key>82FC19761CF7B4E5000B3138</key>
		<dict>
			<key>fileEncoding</key>
			<string>4</string>
			<key>isa</key>
			<string>PBXFileReference</string>
			<key>lastKnownFileType</key>
			<string>sourcecode.c.h</string>
			<key>path</key>
			<string>MenuSelectionViewController.h</string>
			<key>sourceTree</key>
			<string>&lt;group&gt;</string>
		</dict>
		<key>82FC19771CF7B4E5000B3138</key>
		<dict>
			<key>fileEncoding</key>
			<string>4</string>
			<key>isa</key>
			<string>PBXFileReference</string>
			<key>lastKnownFileType</key>
			<string>sourcecode.c.objc</string>
			<key>path</key>
			<string>MenuSelectionViewController.m</string>
			<key>sourceTree</key>
			<string>&lt;group&gt;</string>
		</dict>
		<key>82FC19781CF7B4E5000B3138</key>
		<dict>
			<key>fileRef</key>
			<string>82FC19771CF7B4E5000B3138</string>
			<key>isa</key>
			<string>PBXBuildFile</string>
		</dict>
		<key>8C4444A2D62FA613EEEE81F3</key>
		<dict>
			<key>buildActionMask</key>
			<string>2147483647</string>
			<key>files</key>
			<array/>
			<key>inputPaths</key>
			<array/>
			<key>isa</key>
			<string>PBXShellScriptBuildPhase</string>
			<key>name</key>
			<string>[CP] Embed Pods Frameworks</string>
			<key>outputPaths</key>
			<array/>
			<key>runOnlyForDeploymentPostprocessing</key>
			<string>0</string>
			<key>shellPath</key>
			<string>/bin/sh</string>
			<key>shellScript</key>
			<string>"${SRCROOT}/Pods/Target Support Files/Pods-RSInterfaceKit/Pods-RSInterfaceKit-frameworks.sh"
</string>
			<key>showEnvVarsInLog</key>
			<string>0</string>
		</dict>
		<key>984C86CFAA7DFF97303EC205</key>
		<dict>
			<key>buildActionMask</key>
			<string>2147483647</string>
			<key>files</key>
			<array/>
			<key>inputPaths</key>
			<array/>
			<key>isa</key>
			<string>PBXShellScriptBuildPhase</string>
			<key>name</key>
			<string>[CP] Check Pods Manifest.lock</string>
			<key>outputPaths</key>
			<array/>
			<key>runOnlyForDeploymentPostprocessing</key>
			<string>0</string>
			<key>shellPath</key>
			<string>/bin/sh</string>
			<key>shellScript</key>
			<string>diff "${PODS_ROOT}/../Podfile.lock" "${PODS_ROOT}/Manifest.lock" &gt; /dev/null
if [[ $? != 0 ]] ; then
    cat &lt;&lt; EOM
error: The sandbox is not in sync with the Podfile.lock. Run 'pod install' or update your CocoaPods installation.
EOM
    exit 1
fi
</string>
			<key>showEnvVarsInLog</key>
			<string>0</string>
		</dict>
		<key>B96736C65FE14E5234DCC0D8</key>
		<dict>
			<key>includeInIndex</key>
			<string>1</string>
			<key>isa</key>
			<string>PBXFileReference</string>
			<key>lastKnownFileType</key>
			<string>text.xcconfig</string>
			<key>name</key>
			<string>Pods-Tests.debug.xcconfig</string>
			<key>path</key>
			<string>Pods/Target Support Files/Pods-Tests/Pods-Tests.debug.xcconfig</string>
			<key>sourceTree</key>
			<string>&lt;group&gt;</string>
		</dict>
		<key>BD811EFE97E6D58C2418AA43</key>
		<dict>
			<key>buildActionMask</key>
			<string>2147483647</string>
			<key>files</key>
			<array/>
			<key>inputPaths</key>
			<array/>
			<key>isa</key>
			<string>PBXShellScriptBuildPhase</string>
			<key>name</key>
			<string>[CP] Embed Pods Frameworks</string>
			<key>outputPaths</key>
			<array/>
			<key>runOnlyForDeploymentPostprocessing</key>
			<string>0</string>
			<key>shellPath</key>
			<string>/bin/sh</string>
			<key>shellScript</key>
			<string>"${SRCROOT}/Pods/Target Support Files/Pods-Tests/Pods-Tests-frameworks.sh"
</string>
			<key>showEnvVarsInLog</key>
			<string>0</string>
		</dict>
		<key>C038C0C548110355E9335B66</key>
		<dict>
			<key>children</key>
			<array>
				<string>6DD24829044C80F989E8C552</string>
				<string>C93DE1287D7EA97D70F540D1</string>
				<string>B96736C65FE14E5234DCC0D8</string>
				<string>3BF9DB779509B336E013DA4C</string>
			</array>
			<key>isa</key>
			<string>PBXGroup</string>
			<key>name</key>
			<string>Pods</string>
			<key>sourceTree</key>
			<string>&lt;group&gt;</string>
		</dict>
		<key>C93DE1287D7EA97D70F540D1</key>
		<dict>
			<key>includeInIndex</key>
			<string>1</string>
			<key>isa</key>
			<string>PBXFileReference</string>
			<key>lastKnownFileType</key>
			<string>text.xcconfig</string>
			<key>name</key>
			<string>Pods-RSInterfaceKit.release.xcconfig</string>
			<key>path</key>
			<string>Pods/Target Support Files/Pods-RSInterfaceKit/Pods-RSInterfaceKit.release.xcconfig</string>
			<key>sourceTree</key>
			<string>&lt;group&gt;</string>
		</dict>
		<key>ED5D98F832CDF15536C6E458</key>
		<dict>
			<key>fileRef</key>
			<string>F3DD537030EB110D636C2F5D</string>
			<key>isa</key>
			<string>PBXBuildFile</string>
		</dict>
		<key>F3DD537030EB110D636C2F5D</key>
		<dict>
			<key>explicitFileType</key>
			<string>wrapper.framework</string>
			<key>includeInIndex</key>
			<string>0</string>
			<key>isa</key>
			<string>PBXFileReference</string>
			<key>path</key>
			<string>Pods_RSInterfaceKit.framework</string>
			<key>sourceTree</key>
			<string>BUILT_PRODUCTS_DIR</string>
		</dict>
	</dict>
	<key>rootObject</key>
	<string>6003F582195388D10070C39A</string>
</dict>
</plist>
